PODS:
  - Flags (0.4.0)
  - HypeUI (0.1.0):
    - RxCocoa (~> 6.0)
    - RxSwift (~> 6.0)
    - SnapKit (~> 5.0.0)
  - IGListDiffKit (4.0.0)
  - IGListKit (4.0.0):
    - IGListDiffKit (= 4.0.0)
  - Nimble (7.3.1)
  - Quick (1.3.2)
  - ReactorKit (3.2.0):
    - RxSwift (~> 6.0)
    - WeakMapTable (~> 1.1)
  - RxCocoa (6.5.0):
    - RxRelay (= 6.5.0)
    - RxSwift (= 6.5.0)
  - RxIGListKit (2.0.2):
    - IGListKit (~> 4.0.0)
    - RxCocoa (~> 6.0)
  - RxOptional (5.0.0):
    - RxCocoa (~> 6.0)
    - RxSwift (~> 6.0)
  - RxRelay (6.5.0):
    - RxSwift (= 6.5.0)
  - RxSwift (6.5.0)
  - SnapKit (5.0.1)
  - WeakMapTable (1.2.0)

DEPENDENCIES:
  - Flags (from `../`)
  - HypeUI (= 0.1.0)
  - IGListKit (= 4.0.0)
  - Nimble (= 7.3.1)
  - Quick (= 1.3.2)
  - ReactorKit (= 3.2.0)
  - RxCocoa (= 6.5.0)
  - RxIGListKit (= 2.0.2)
  - RxOptional (= 5.0.0)
  - RxSwift (= 6.5.0)
  - SnapKit (= 5.0.1)

SPEC REPOS:
  trunk:
    - HypeUI
    - IGListDiffKit
    - IGListKit
    - Nimble
    - Quick
    - ReactorKit
    - RxCocoa
    - RxIGListKit
    - RxOptional
    - RxRelay
    - RxSwift
    - SnapKit
    - WeakMapTable

EXTERNAL SOURCES:
  Flags:
    :path: "../"

SPEC CHECKSUMS:
  Flags: 3d2caa5d3ce49a08580fdf477d07c52fb5463a45
  HypeUI: 462f4d0e149b8ef201983f16fdaf15b2b908ca10
  IGListDiffKit: 665d6cf43ce726e676013db9c7d6c4294259b6b2
  IGListKit: fd5a5d21935298f5849fa49d426843cff97b77c7
  Nimble: 04f732da099ea4d153122aec8c2a88fd0c7219ae
  Quick: 2623cb30d7a7f41ca62f684f679586558f483d46
  ReactorKit: e8b11d6b9c415405f381669b095c154a05b59eca
  RxCocoa: 94f817b71c07517321eb4f9ad299112ca8af743b
  RxIGListKit: 15a701dfdec1d625ce3c0bb412d5d1dcdb528b18
  RxOptional: cb0b05f0270854eb8ac322c4eb298c4945469fab
  RxRelay: 1de1523e604c72b6c68feadedd1af3b1b4d0ecbd
  RxSwift: 5710a9e6b17f3c3d6e40d6e559b9fa1e813b2ef8
  SnapKit: 97b92857e3df3a0c71833cce143274bf6ef8e5eb
  WeakMapTable: 05c694ce8439a7a9ebabb56187287a63c57673d6

PODFILE CHECKSUM: 237698a756138d58ecc01f9950fe51d6ddd3d54d

COCOAPODS: 1.10.0
